
Microsoft Visual Studio Solution File, Format Version 12.00
# Visual Studio Version 16
VisualStudioVersion = 25.0.1700.5
MinimumVisualStudioVersion = 10.0.40219.1
Project("{FAE04EC0-301F-11D3-BF4B-00C04F79EFBC}") = "web-app", "web-app.csproj", "{F176C600-DD1B-44B2-B645-487092824C96}"
EndProject
Project("{E53339B2-1760-4266-BCC7-CA923CBCF16C}") = "docker-compose", "docker-compose.dcproj", "{95B71D07-E245-4EF2-A32E-287308611EDD}"
EndProject
Global
	GlobalSection(SolutionConfigurationPlatforms) = preSolution
		Debug|Any CPU = Debug|Any CPU
		Release|Any CPU = Release|Any CPU
	EndGlobalSection
	GlobalSection(ProjectConfigurationPlatforms) = postSolution
		{F176C600-DD1B-44B2-B645-487092824C96}.Debug|Any CPU.ActiveCfg = Debug|Any CPU
		{F176C600-DD1B-44B2-B645-487092824C96}.Debug|Any CPU.Build.0 = Debug|Any CPU
		{F176C600-DD1B-44B2-B645-487092824C96}.Release|Any CPU.ActiveCfg = Release|Any CPU
		{F176C600-DD1B-44B2-B645-487092824C96}.Release|Any CPU.Build.0 = Release|Any CPU
		{95B71D07-E245-4EF2-A32E-287308611EDD}.Debug|Any CPU.ActiveCfg = Debug|Any CPU
		{95B71D07-E245-4EF2-A32E-287308611EDD}.Debug|Any CPU.Build.0 = Debug|Any CPU
		{95B71D07-E245-4EF2-A32E-287308611EDD}.Release|Any CPU.ActiveCfg = Release|Any CPU
		{95B71D07-E245-4EF2-A32E-287308611EDD}.Release|Any CPU.Build.0 = Release|Any CPU
	EndGlobalSection
	GlobalSection(SolutionProperties) = preSolution
		HideSolutionNode = FALSE
	EndGlobalSection
	GlobalSection(ExtensibilityGlobals) = postSolution
		SolutionGuid = {0E317EE2-EB0B-4E8E-A160-D474D30F1B39}
	EndGlobalSection
EndGlobal
